
Microsoft Visual Studio Solution File, Format Version 12.00
# Visual Studio 2012
Project("{FAE04EC0-301F-11D3-BF4B-00C04F79EFBC}") = "OHDR", "OHDR\OHDR.csproj", "{6C0E7FB6-87AE-4BC3-A3AC-F6F9054924A6}"
EndProject
Project("{911E67C6-3D85-4FCE-B560-20A9C3E3FF48}") = "setup", "OHS\OHS\Express\DVD-5\DiskImages\DISK1\setup.exe", "{C82F6B6E-247C-4E3A-B9FB-CB899A118A50}"
	ProjectSection(DebuggerProjectSystem) = preProject
		PortSupplier = 00000000-0000-0000-0000-000000000000
		Executable = D:\MyGITProjects\OHS\OHDR\OHS\OHS\Express\DVD-5\DiskImages\DISK1\setup.exe
		RemoteMachine = AMIR-PC
		StartingDirectory = D:\MyGITProjects\OHS\OHDR\OHS\OHS\Express\DVD-5\DiskImages\DISK1
		Environment = Default
		LaunchingEngine = 00000000-0000-0000-0000-000000000000
		LaunchSQLEngine = No
		AttachLaunchAction = No
	EndProjectSection
EndProject
Project("{6141683F-8A12-4E36-9623-2EB02B2C2303}") = "OES", "OES\OES.isproj", "{9019ADD9-2598-4FDF-836D-98C54FA6A08F}"
	ProjectSection(ProjectDependencies) = postProject
		{6C0E7FB6-87AE-4BC3-A3AC-F6F9054924A6} = {6C0E7FB6-87AE-4BC3-A3AC-F6F9054924A6}
	EndProjectSection
EndProject
Global
	GlobalSection(SolutionConfigurationPlatforms) = preSolution
		CD_ROM|Any CPU = CD_ROM|Any CPU
		CD_ROM|Mixed Platforms = CD_ROM|Mixed Platforms
		CD_ROM|x86 = CD_ROM|x86
		Debug|Any CPU = Debug|Any CPU
		Debug|Mixed Platforms = Debug|Mixed Platforms
		Debug|x86 = Debug|x86
		DVD-5|Any CPU = DVD-5|Any CPU
		DVD-5|Mixed Platforms = DVD-5|Mixed Platforms
		DVD-5|x86 = DVD-5|x86
		Release|Any CPU = Release|Any CPU
		Release|Mixed Platforms = Release|Mixed Platforms
		Release|x86 = Release|x86
		SingleImage|Any CPU = SingleImage|Any CPU
		SingleImage|Mixed Platforms = SingleImage|Mixed Platforms
		SingleImage|x86 = SingleImage|x86
	EndGlobalSection
	GlobalSection(ProjectConfigurationPlatforms) = postSolution
		{6C0E7FB6-87AE-4BC3-A3AC-F6F9054924A6}.CD_ROM|Any CPU.ActiveCfg = Release|Any CPU
		{6C0E7FB6-87AE-4BC3-A3AC-F6F9054924A6}.CD_ROM|Any CPU.Build.0 = Release|Any CPU
		{6C0E7FB6-87AE-4BC3-A3AC-F6F9054924A6}.CD_ROM|Mixed Platforms.ActiveCfg = Debug|Any CPU
		{6C0E7FB6-87AE-4BC3-A3AC-F6F9054924A6}.CD_ROM|Mixed Platforms.Build.0 = Debug|Any CPU
		{6C0E7FB6-87AE-4BC3-A3AC-F6F9054924A6}.CD_ROM|x86.ActiveCfg = Debug|Any CPU
		{6C0E7FB6-87AE-4BC3-A3AC-F6F9054924A6}.Debug|Any CPU.ActiveCfg = Debug|Any CPU
		{6C0E7FB6-87AE-4BC3-A3AC-F6F9054924A6}.Debug|Any CPU.Build.0 = Debug|Any CPU
		{6C0E7FB6-87AE-4BC3-A3AC-F6F9054924A6}.Debug|Mixed Platforms.ActiveCfg = Debug|Any CPU
		{6C0E7FB6-87AE-4BC3-A3AC-F6F9054924A6}.Debug|Mixed Platforms.Build.0 = Debug|Any CPU
		{6C0E7FB6-87AE-4BC3-A3AC-F6F9054924A6}.Debug|x86.ActiveCfg = Debug|Any CPU
		{6C0E7FB6-87AE-4BC3-A3AC-F6F9054924A6}.DVD-5|Any CPU.ActiveCfg = Debug|Any CPU
		{6C0E7FB6-87AE-4BC3-A3AC-F6F9054924A6}.DVD-5|Any CPU.Build.0 = Debug|Any CPU
		{6C0E7FB6-87AE-4BC3-A3AC-F6F9054924A6}.DVD-5|Mixed Platforms.ActiveCfg = Debug|Any CPU
		{6C0E7FB6-87AE-4BC3-A3AC-F6F9054924A6}.DVD-5|Mixed Platforms.Build.0 = Debug|Any CPU
		{6C0E7FB6-87AE-4BC3-A3AC-F6F9054924A6}.DVD-5|x86.ActiveCfg = Debug|Any CPU
		{6C0E7FB6-87AE-4BC3-A3AC-F6F9054924A6}.Release|Any CPU.ActiveCfg = Release|Any CPU
		{6C0E7FB6-87AE-4BC3-A3AC-F6F9054924A6}.Release|Any CPU.Build.0 = Release|Any CPU
		{6C0E7FB6-87AE-4BC3-A3AC-F6F9054924A6}.Release|Mixed Platforms.ActiveCfg = Release|Any CPU
		{6C0E7FB6-87AE-4BC3-A3AC-F6F9054924A6}.Release|Mixed Platforms.Build.0 = Release|Any CPU
		{6C0E7FB6-87AE-4BC3-A3AC-F6F9054924A6}.Release|x86.ActiveCfg = Release|Any CPU
		{6C0E7FB6-87AE-4BC3-A3AC-F6F9054924A6}.SingleImage|Any CPU.ActiveCfg = Release|Any CPU
		{6C0E7FB6-87AE-4BC3-A3AC-F6F9054924A6}.SingleImage|Any CPU.Build.0 = Release|Any CPU
		{6C0E7FB6-87AE-4BC3-A3AC-F6F9054924A6}.SingleImage|Mixed Platforms.ActiveCfg = Debug|Any CPU
		{6C0E7FB6-87AE-4BC3-A3AC-F6F9054924A6}.SingleImage|Mixed Platforms.Build.0 = Debug|Any CPU
		{6C0E7FB6-87AE-4BC3-A3AC-F6F9054924A6}.SingleImage|x86.ActiveCfg = Debug|Any CPU
		{C82F6B6E-247C-4E3A-B9FB-CB899A118A50}.CD_ROM|Any CPU.ActiveCfg = Debug
		{C82F6B6E-247C-4E3A-B9FB-CB899A118A50}.CD_ROM|Mixed Platforms.ActiveCfg = Debug
		{C82F6B6E-247C-4E3A-B9FB-CB899A118A50}.CD_ROM|x86.ActiveCfg = Debug
		{C82F6B6E-247C-4E3A-B9FB-CB899A118A50}.Debug|Any CPU.ActiveCfg = Debug
		{C82F6B6E-247C-4E3A-B9FB-CB899A118A50}.Debug|Mixed Platforms.ActiveCfg = Debug
		{C82F6B6E-247C-4E3A-B9FB-CB899A118A50}.Debug|x86.ActiveCfg = Debug
		{C82F6B6E-247C-4E3A-B9FB-CB899A118A50}.DVD-5|Any CPU.ActiveCfg = Debug
		{C82F6B6E-247C-4E3A-B9FB-CB899A118A50}.DVD-5|Mixed Platforms.ActiveCfg = Debug
		{C82F6B6E-247C-4E3A-B9FB-CB899A118A50}.DVD-5|x86.ActiveCfg = Debug
		{C82F6B6E-247C-4E3A-B9FB-CB899A118A50}.Release|Any CPU.ActiveCfg = Debug
		{C82F6B6E-247C-4E3A-B9FB-CB899A118A50}.Release|Mixed Platforms.ActiveCfg = Debug
		{C82F6B6E-247C-4E3A-B9FB-CB899A118A50}.Release|x86.ActiveCfg = Debug
		{C82F6B6E-247C-4E3A-B9FB-CB899A118A50}.SingleImage|Any CPU.ActiveCfg = Debug
		{C82F6B6E-247C-4E3A-B9FB-CB899A118A50}.SingleImage|Mixed Platforms.ActiveCfg = Debug
		{C82F6B6E-247C-4E3A-B9FB-CB899A118A50}.SingleImage|x86.ActiveCfg = Debug
		{9019ADD9-2598-4FDF-836D-98C54FA6A08F}.CD_ROM|Any CPU.ActiveCfg = CD_ROM
		{9019ADD9-2598-4FDF-836D-98C54FA6A08F}.CD_ROM|Any CPU.Build.0 = CD_ROM
		{9019ADD9-2598-4FDF-836D-98C54FA6A08F}.CD_ROM|Mixed Platforms.ActiveCfg = CD_ROM
		{9019ADD9-2598-4FDF-836D-98C54FA6A08F}.CD_ROM|Mixed Platforms.Build.0 = CD_ROM
		{9019ADD9-2598-4FDF-836D-98C54FA6A08F}.CD_ROM|x86.ActiveCfg = CD_ROM
		{9019ADD9-2598-4FDF-836D-98C54FA6A08F}.CD_ROM|x86.Build.0 = CD_ROM
		{9019ADD9-2598-4FDF-836D-98C54FA6A08F}.Debug|Any CPU.ActiveCfg = DVD-5
		{9019ADD9-2598-4FDF-836D-98C54FA6A08F}.Debug|Any CPU.Build.0 = DVD-5
		{9019ADD9-2598-4FDF-836D-98C54FA6A08F}.Debug|Mixed Platforms.ActiveCfg = DVD-5
		{9019ADD9-2598-4FDF-836D-98C54FA6A08F}.Debug|Mixed Platforms.Build.0 = DVD-5
		{9019ADD9-2598-4FDF-836D-98C54FA6A08F}.Debug|x86.ActiveCfg = DVD-5
		{9019ADD9-2598-4FDF-836D-98C54FA6A08F}.Debug|x86.Build.0 = DVD-5
		{9019ADD9-2598-4FDF-836D-98C54FA6A08F}.DVD-5|Any CPU.ActiveCfg = DVD-5
		{9019ADD9-2598-4FDF-836D-98C54FA6A08F}.DVD-5|Any CPU.Build.0 = DVD-5
		{9019ADD9-2598-4FDF-836D-98C54FA6A08F}.DVD-5|Mixed Platforms.ActiveCfg = DVD-5
		{9019ADD9-2598-4FDF-836D-98C54FA6A08F}.DVD-5|Mixed Platforms.Build.0 = DVD-5
		{9019ADD9-2598-4FDF-836D-98C54FA6A08F}.DVD-5|x86.ActiveCfg = DVD-5
		{9019ADD9-2598-4FDF-836D-98C54FA6A08F}.DVD-5|x86.Build.0 = DVD-5
		{9019ADD9-2598-4FDF-836D-98C54FA6A08F}.Release|Any CPU.ActiveCfg = SingleImage
		{9019ADD9-2598-4FDF-836D-98C54FA6A08F}.Release|Any CPU.Build.0 = SingleImage
		{9019ADD9-2598-4FDF-836D-98C54FA6A08F}.Release|Mixed Platforms.ActiveCfg = SingleImage
		{9019ADD9-2598-4FDF-836D-98C54FA6A08F}.Release|Mixed Platforms.Build.0 = SingleImage
		{9019ADD9-2598-4FDF-836D-98C54FA6A08F}.Release|x86.ActiveCfg = SingleImage
		{9019ADD9-2598-4FDF-836D-98C54FA6A08F}.Release|x86.Build.0 = SingleImage
		{9019ADD9-2598-4FDF-836D-98C54FA6A08F}.SingleImage|Any CPU.ActiveCfg = SingleImage
		{9019ADD9-2598-4FDF-836D-98C54FA6A08F}.SingleImage|Any CPU.Build.0 = SingleImage
		{9019ADD9-2598-4FDF-836D-98C54FA6A08F}.SingleImage|Mixed Platforms.ActiveCfg = SingleImage
		{9019ADD9-2598-4FDF-836D-98C54FA6A08F}.SingleImage|Mixed Platforms.Build.0 = SingleImage
		{9019ADD9-2598-4FDF-836D-98C54FA6A08F}.SingleImage|x86.ActiveCfg = SingleImage
		{9019ADD9-2598-4FDF-836D-98C54FA6A08F}.SingleImage|x86.Build.0 = SingleImage
	EndGlobalSection
	GlobalSection(SolutionProperties) = preSolution
		HideSolutionNode = FALSE
	EndGlobalSection
EndGlobal
